
Microsoft Visual Studio Solution File, Format Version 12.00
# Visual Studio 2012
Project("{FAE04EC0-301F-11D3-BF4B-00C04F79EFBC}") = "SobekCM", "SobekCM\SobekCM.csproj", "{BEDC2D5D-491E-4A09-9C02-80C58904949D}"
EndProject
Project("{FAE04EC0-301F-11D3-BF4B-00C04F79EFBC}") = "SobekCM_Library", "SobekCM_Library\SobekCM_Library.csproj", "{4426FF50-74C7-4B88-878B-EFB9BC2317BD}"
EndProject
Project("{FAE04EC0-301F-11D3-BF4B-00C04F79EFBC}") = "SobekCM_Resource_Object", "SobekCM_Resource_Object\SobekCM_Resource_Object.csproj", "{395C2621-CE19-41E0-AA1A-ABDB37F6E815}"
EndProject
Project("{FAE04EC0-301F-11D3-BF4B-00C04F79EFBC}") = "SobekCM_Tools", "SobekCM_Tools\SobekCM_Tools.csproj", "{A511CE4C-7BD6-4446-BCA8-AB71F7AA8078}"
EndProject
Project("{FAE04EC0-301F-11D3-BF4B-00C04F79EFBC}") = "SobekCM_URL_Rewriter", "SobekCM_URL_Rewriter\SobekCM_URL_Rewriter.csproj", "{1B13C1BB-AA39-4F0E-9E12-E7051DEF30AF}"
EndProject
Global
	GlobalSection(SolutionConfigurationPlatforms) = preSolution
		Debug|Any CPU = Debug|Any CPU
		Debug|x64 = Debug|x64
		Release|Any CPU = Release|Any CPU
		Release|x64 = Release|x64
	EndGlobalSection
	GlobalSection(ProjectConfigurationPlatforms) = postSolution
		{BEDC2D5D-491E-4A09-9C02-80C58904949D}.Debug|Any CPU.ActiveCfg = Debug|Any CPU
		{BEDC2D5D-491E-4A09-9C02-80C58904949D}.Debug|Any CPU.Build.0 = Debug|Any CPU
		{BEDC2D5D-491E-4A09-9C02-80C58904949D}.Debug|x64.ActiveCfg = Debug|Any CPU
		{BEDC2D5D-491E-4A09-9C02-80C58904949D}.Release|Any CPU.ActiveCfg = Release|Any CPU
		{BEDC2D5D-491E-4A09-9C02-80C58904949D}.Release|Any CPU.Build.0 = Release|Any CPU
		{BEDC2D5D-491E-4A09-9C02-80C58904949D}.Release|x64.ActiveCfg = Release|Any CPU
		{4426FF50-74C7-4B88-878B-EFB9BC2317BD}.Debug|Any CPU.ActiveCfg = Debug|Any CPU
		{4426FF50-74C7-4B88-878B-EFB9BC2317BD}.Debug|Any CPU.Build.0 = Debug|Any CPU
		{4426FF50-74C7-4B88-878B-EFB9BC2317BD}.Debug|x64.ActiveCfg = Debug|x64
		{4426FF50-74C7-4B88-878B-EFB9BC2317BD}.Debug|x64.Build.0 = Debug|x64
		{4426FF50-74C7-4B88-878B-EFB9BC2317BD}.Release|Any CPU.ActiveCfg = Release|Any CPU
		{4426FF50-74C7-4B88-878B-EFB9BC2317BD}.Release|Any CPU.Build.0 = Release|Any CPU
		{4426FF50-74C7-4B88-878B-EFB9BC2317BD}.Release|x64.ActiveCfg = Release|x64
		{4426FF50-74C7-4B88-878B-EFB9BC2317BD}.Release|x64.Build.0 = Release|x64
		{395C2621-CE19-41E0-AA1A-ABDB37F6E815}.Debug|Any CPU.ActiveCfg = Debug|Any CPU
		{395C2621-CE19-41E0-AA1A-ABDB37F6E815}.Debug|Any CPU.Build.0 = Debug|Any CPU
		{395C2621-CE19-41E0-AA1A-ABDB37F6E815}.Debug|x64.ActiveCfg = Debug|x64
		{395C2621-CE19-41E0-AA1A-ABDB37F6E815}.Debug|x64.Build.0 = Debug|x64
		{395C2621-CE19-41E0-AA1A-ABDB37F6E815}.Release|Any CPU.ActiveCfg = Release|Any CPU
		{395C2621-CE19-41E0-AA1A-ABDB37F6E815}.Release|Any CPU.Build.0 = Release|Any CPU
		{395C2621-CE19-41E0-AA1A-ABDB37F6E815}.Release|x64.ActiveCfg = Release|x64
		{395C2621-CE19-41E0-AA1A-ABDB37F6E815}.Release|x64.Build.0 = Release|x64
		{A511CE4C-7BD6-4446-BCA8-AB71F7AA8078}.Debug|Any CPU.ActiveCfg = Debug|Any CPU
		{A511CE4C-7BD6-4446-BCA8-AB71F7AA8078}.Debug|Any CPU.Build.0 = Debug|Any CPU
		{A511CE4C-7BD6-4446-BCA8-AB71F7AA8078}.Debug|x64.ActiveCfg = Debug|x64
		{A511CE4C-7BD6-4446-BCA8-AB71F7AA8078}.Debug|x64.Build.0 = Debug|x64
		{A511CE4C-7BD6-4446-BCA8-AB71F7AA8078}.Release|Any CPU.ActiveCfg = Release|Any CPU
		{A511CE4C-7BD6-4446-BCA8-AB71F7AA8078}.Release|Any CPU.Build.0 = Release|Any CPU
		{A511CE4C-7BD6-4446-BCA8-AB71F7AA8078}.Release|x64.ActiveCfg = Release|x64
		{A511CE4C-7BD6-4446-BCA8-AB71F7AA8078}.Release|x64.Build.0 = Release|x64
		{1B13C1BB-AA39-4F0E-9E12-E7051DEF30AF}.Debug|Any CPU.ActiveCfg = Debug|Any CPU
		{1B13C1BB-AA39-4F0E-9E12-E7051DEF30AF}.Debug|Any CPU.Build.0 = Debug|Any CPU
		{1B13C1BB-AA39-4F0E-9E12-E7051DEF30AF}.Debug|x64.ActiveCfg = Debug|Any CPU
		{1B13C1BB-AA39-4F0E-9E12-E7051DEF30AF}.Release|Any CPU.ActiveCfg = Release|Any CPU
		{1B13C1BB-AA39-4F0E-9E12-E7051DEF30AF}.Release|Any CPU.Build.0 = Release|Any CPU
		{1B13C1BB-AA39-4F0E-9E12-E7051DEF30AF}.Release|x64.ActiveCfg = Release|Any CPU
	EndGlobalSection
	GlobalSection(SolutionProperties) = preSolution
		HideSolutionNode = FALSE
	EndGlobalSection
EndGlobal
